
Microsoft Visual Studio Solution File, Format Version 12.00
# Visual Studio 14
VisualStudioVersion = 14.0.25420.1
MinimumVisualStudioVersion = 10.0.40219.1
Project("{FAE04EC0-301F-11D3-BF4B-00C04F79EFBC}") = "通信服务端运行器", "ServerRunPool\通信服务端运行器.csproj", "{BA96C272-6744-4EAD-AF3B-BBB8EC8E7DC0}"
	ProjectSection(ProjectDependencies) = postProject
		{DC9B4157-68C6-4F52-B8E4-EC2E4BC1D237} = {DC9B4157-68C6-4F52-B8E4-EC2E4BC1D237}
		{A237E772-678D-490B-ADDF-1D4535D970B6} = {A237E772-678D-490B-ADDF-1D4535D970B6}
	EndProjectSection
EndProject
Project("{2150E333-8FDC-42A3-9474-1A3956D46DE8}") = "服务端", "服务端", "{AFDAF284-45F3-406D-A585-AE187827F28A}"
EndProject
Project("{2150E333-8FDC-42A3-9474-1A3956D46DE8}") = "通用接口类库", "通用接口类库", "{9A31E001-7D01-4333-9CF1-90B7D8AB69E3}"
EndProject
Project("{2150E333-8FDC-42A3-9474-1A3956D46DE8}") = "客户端", "客户端", "{41BBBA6D-5ECA-476F-93DA-6795C01E4145}"
EndProject
Project("{2150E333-8FDC-42A3-9474-1A3956D46DE8}") = "客户端示例", "客户端示例", "{71078A48-C6BA-4E2E-A22A-229EEBB665B9}"
EndProject
Project("{FAE04EC0-301F-11D3-BF4B-00C04F79EFBC}") = "统一B-C转发负载网关程序", "JSON网关\统一B-C转发负载网关程序.csproj", "{53047F4F-9839-40A7-B10B-CCAF1A66EA37}"
EndProject
Project("{2150E333-8FDC-42A3-9474-1A3956D46DE8}") = "WP类库", "WP类库", "{CCFE7C31-52DC-4DAF-A983-3BDE348B4132}"
EndProject
Project("{FAE04EC0-301F-11D3-BF4B-00C04F79EFBC}") = "WPClient", "WPClient\WPClient.csproj", "{6D923566-DE18-466D-B2BC-E06F50E76352}"
EndProject
Project("{E24C65DC-7377-472B-9ABA-BC803B73C61A}") = "WebSocketClient", "WebSocketClient\WebSocketClient\", "{9B59A779-118D-4497-97F4-074C0E43FBDD}"
	ProjectSection(WebsiteProperties) = preProject
		TargetFrameworkMoniker = ".NETFramework,Version%3Dv4.5.2"
		Debug.AspNetCompiler.VirtualPath = "/localhost_53640"
		Debug.AspNetCompiler.PhysicalPath = "WebSocketClient\WebSocketClient\"
		Debug.AspNetCompiler.TargetPath = "PrecompiledWeb\localhost_53640\"
		Debug.AspNetCompiler.Updateable = "true"
		Debug.AspNetCompiler.ForceOverwrite = "true"
		Debug.AspNetCompiler.FixedNames = "false"
		Debug.AspNetCompiler.Debug = "True"
		Release.AspNetCompiler.VirtualPath = "/localhost_53640"
		Release.AspNetCompiler.PhysicalPath = "WebSocketClient\WebSocketClient\"
		Release.AspNetCompiler.TargetPath = "PrecompiledWeb\localhost_53640\"
		Release.AspNetCompiler.Updateable = "true"
		Release.AspNetCompiler.ForceOverwrite = "true"
		Release.AspNetCompiler.FixedNames = "false"
		Release.AspNetCompiler.Debug = "False"
		VWDPort = "53640"
		SlnRelativePath = "WebSocketClient\WebSocketClient\"
	EndProjectSection
EndProject
Project("{2150E333-8FDC-42A3-9474-1A3956D46DE8}") = "WP前端测试程序", "WP前端测试程序", "{28421BE1-E449-4B7F-AED8-06F02BA046B4}"
EndProject
Project("{FAE04EC0-301F-11D3-BF4B-00C04F79EFBC}") = "PhoneApp", "PhoneApp\PhoneApp.csproj", "{C669DE88-6AA0-40FC-937B-9CBB4830FB2D}"
EndProject
Project("{2150E333-8FDC-42A3-9474-1A3956D46DE8}") = "winform", "winform", "{83FCC670-FF22-4C0B-8383-093BD954246B}"
EndProject
Project("{2150E333-8FDC-42A3-9474-1A3956D46DE8}") = "WEB", "WEB", "{103F29CF-2D53-4613-A4E2-426873B32164}"
EndProject
Project("{2150E333-8FDC-42A3-9474-1A3956D46DE8}") = "负载网关", "负载网关", "{5DC257E6-4B9E-4F64-8C0F-DA463F1895AF}"
EndProject
Project("{2150E333-8FDC-42A3-9474-1A3956D46DE8}") = "Csharp类库", "Csharp类库", "{451930B4-B3B3-4129-BA34-CA6113296709}"
EndProject
Project("{FAE04EC0-301F-11D3-BF4B-00C04F79EFBC}") = "DTU网关程序", "DTU网关程序\DTU网关程序.csproj", "{8A2C3A30-7933-4C8C-94C2-02D407AA1C59}"
EndProject
Project("{2150E333-8FDC-42A3-9474-1A3956D46DE8}") = "WIN IOT类库", "WIN IOT类库", "{EF04FEE4-6A75-47B4-AF65-1305648FC646}"
EndProject
Project("{FAE04EC0-301F-11D3-BF4B-00C04F79EFBC}") = "IotClientClass", "IotClient\IotClientClass.csproj", "{73D7FE72-1170-4912-ABD7-AA27EAFD3E1D}"
EndProject
Project("{FAE04EC0-301F-11D3-BF4B-00C04F79EFBC}") = "UWPclient", "UWPclient\UWPclient.csproj", "{1FF3175D-E3F3-4563-B42B-24E52E424BDD}"
EndProject
Project("{2150E333-8FDC-42A3-9474-1A3956D46DE8}") = "UWP（IOT，wp,win10）客户端", "UWP（IOT，wp,win10）客户端", "{DAD3BD2B-BE7A-4425-8858-52306D53BF0C}"
EndProject
Project("{FAE04EC0-301F-11D3-BF4B-00C04F79EFBC}") = "HTTP网关", "HTTP网关\HTTP网关.csproj", "{B1729755-FE98-4906-8DDB-4A0CF2799096}"
EndProject
Project("{2150E333-8FDC-42A3-9474-1A3956D46DE8}") = "核心库", "核心库", "{48621652-EE91-49DD-9696-BDF94D8E55BD}"
EndProject
Project("{2150E333-8FDC-42A3-9474-1A3956D46DE8}") = "核心库", "核心库", "{5098B5F4-7960-45DC-8B9C-C7AD621DCAE6}"
EndProject
Project("{2150E333-8FDC-42A3-9474-1A3956D46DE8}") = "核心库", "核心库", "{17C94CA5-24EB-4DFB-918D-661CCE96E851}"
EndProject
Project("{2150E333-8FDC-42A3-9474-1A3956D46DE8}") = "WEB JS库", "WEB JS库", "{6C7E3149-7F97-4B41-992B-0B25CBD4FCF3}"
	ProjectSection(SolutionItems) = preProject
		WebSocketClient\WebSocketClient\websocket.js = WebSocketClient\WebSocketClient\websocket.js
	EndProjectSection
EndProject
Project("{2150E333-8FDC-42A3-9474-1A3956D46DE8}") = "UDP服务端测试", "UDP服务端测试", "{656C73AE-9D47-48BD-81FE-97C33FD4B7BE}"
EndProject
Project("{2150E333-8FDC-42A3-9474-1A3956D46DE8}") = "TCP服务端运行器", "TCP服务端运行器", "{65521F22-2C4D-45C4-B560-26CE9E429BF1}"
EndProject
Project("{2150E333-8FDC-42A3-9474-1A3956D46DE8}") = "测试业务逻辑", "测试业务逻辑", "{A1371C0C-2B04-4132-B99E-B10A254731BC}"
EndProject
Project("{FAE04EC0-301F-11D3-BF4B-00C04F79EFBC}") = "UDP服务端代码测试", "UDP服务端代码测试\UDP服务端代码测试.csproj", "{C91D683E-4322-4544-A60C-CCBFD08B2E31}"
EndProject
Project("{2150E333-8FDC-42A3-9474-1A3956D46DE8}") = "TCP服务端测试", "TCP服务端测试", "{F0282893-2485-49FA-8F2B-408E06C4D8A6}"
EndProject
Project("{FAE04EC0-301F-11D3-BF4B-00C04F79EFBC}") = "TCP服务物联网测试", "TCP服务端测试\TCP服务物联网测试.csproj", "{7524AAC7-4F08-436F-9E39-31FD3FE9BDB3}"
EndProject
Project("{2150E333-8FDC-42A3-9474-1A3956D46DE8}") = "测试Test", "测试Test", "{D36CC134-8E0A-4C87-B1AE-BDBBAC0DEB6E}"
EndProject
Project("{2150E333-8FDC-42A3-9474-1A3956D46DE8}") = "负载网关测试", "负载网关测试", "{E015DB35-C42D-4CB3-9CAC-841007256F00}"
EndProject
Project("{FAE04EC0-301F-11D3-BF4B-00C04F79EFBC}") = "Weave.Base", "Weave.Base\Weave.Base.csproj", "{B8D521E5-9073-4B32-A7A7-F415E623F67C}"
EndProject
Project("{FAE04EC0-301F-11D3-BF4B-00C04F79EFBC}") = "Weave.Cloud", "Weave.Cloud\Weave.Cloud.csproj", "{BCB76C92-15DD-436C-9B5C-6D8D9671FA88}"
EndProject
Project("{FAE04EC0-301F-11D3-BF4B-00C04F79EFBC}") = "Weave.Server", "Weave.Server\Weave.Server.csproj", "{A237E772-678D-490B-ADDF-1D4535D970B6}"
EndProject
Project("{FAE04EC0-301F-11D3-BF4B-00C04F79EFBC}") = "Weave.TCPClient", "Weave.TCPClient\Weave.TCPClient.csproj", "{DC9B4157-68C6-4F52-B8E4-EC2E4BC1D237}"
EndProject
Project("{FAE04EC0-301F-11D3-BF4B-00C04F79EFBC}") = "BLLTest", "BLLTest\BLLTest.csproj", "{14BE94AD-0449-4BEB-B2BC-1290E7283D17}"
EndProject
Project("{FAE04EC0-301F-11D3-BF4B-00C04F79EFBC}") = "winformclient", "WinformClient\winformclient.csproj", "{C8898E06-FBB3-48F1-B685-E955E9145CC6}"
EndProject
Project("{FAE04EC0-301F-11D3-BF4B-00C04F79EFBC}") = "TCP服务测试", "TCP服务测试\TCP服务测试.csproj", "{179E2F22-50C2-4C73-840D-1E7DE5A37AB3}"
EndProject
Global
	GlobalSection(SolutionConfigurationPlatforms) = preSolution
		AAA|Any CPU = AAA|Any CPU
		AAA|ARM = AAA|ARM
		AAA|x64 = AAA|x64
		AAA|x86 = AAA|x86
		Debug|Any CPU = Debug|Any CPU
		Debug|ARM = Debug|ARM
		Debug|x64 = Debug|x64
		Debug|x86 = Debug|x86
		Release|Any CPU = Release|Any CPU
		Release|ARM = Release|ARM
		Release|x64 = Release|x64
		Release|x86 = Release|x86
	EndGlobalSection
	GlobalSection(ProjectConfigurationPlatforms) = postSolution
		{BA96C272-6744-4EAD-AF3B-BBB8EC8E7DC0}.AAA|Any CPU.ActiveCfg = AAA|Any CPU
		{BA96C272-6744-4EAD-AF3B-BBB8EC8E7DC0}.AAA|Any CPU.Build.0 = AAA|Any CPU
		{BA96C272-6744-4EAD-AF3B-BBB8EC8E7DC0}.AAA|ARM.ActiveCfg = AAA|Any CPU
		{BA96C272-6744-4EAD-AF3B-BBB8EC8E7DC0}.AAA|ARM.Build.0 = AAA|Any CPU
		{BA96C272-6744-4EAD-AF3B-BBB8EC8E7DC0}.AAA|x64.ActiveCfg = AAA|Any CPU
		{BA96C272-6744-4EAD-AF3B-BBB8EC8E7DC0}.AAA|x64.Build.0 = AAA|Any CPU
		{BA96C272-6744-4EAD-AF3B-BBB8EC8E7DC0}.AAA|x86.ActiveCfg = AAA|x86
		{BA96C272-6744-4EAD-AF3B-BBB8EC8E7DC0}.AAA|x86.Build.0 = AAA|x86
		{BA96C272-6744-4EAD-AF3B-BBB8EC8E7DC0}.Debug|Any CPU.ActiveCfg = Debug|Any CPU
		{BA96C272-6744-4EAD-AF3B-BBB8EC8E7DC0}.Debug|Any CPU.Build.0 = Debug|Any CPU
		{BA96C272-6744-4EAD-AF3B-BBB8EC8E7DC0}.Debug|ARM.ActiveCfg = Debug|Any CPU
		{BA96C272-6744-4EAD-AF3B-BBB8EC8E7DC0}.Debug|ARM.Build.0 = Debug|Any CPU
		{BA96C272-6744-4EAD-AF3B-BBB8EC8E7DC0}.Debug|x64.ActiveCfg = Debug|Any CPU
		{BA96C272-6744-4EAD-AF3B-BBB8EC8E7DC0}.Debug|x64.Build.0 = Debug|Any CPU
		{BA96C272-6744-4EAD-AF3B-BBB8EC8E7DC0}.Debug|x86.ActiveCfg = Debug|x86
		{BA96C272-6744-4EAD-AF3B-BBB8EC8E7DC0}.Debug|x86.Build.0 = Debug|x86
		{BA96C272-6744-4EAD-AF3B-BBB8EC8E7DC0}.Release|Any CPU.ActiveCfg = Release|Any CPU
		{BA96C272-6744-4EAD-AF3B-BBB8EC8E7DC0}.Release|Any CPU.Build.0 = Release|Any CPU
		{BA96C272-6744-4EAD-AF3B-BBB8EC8E7DC0}.Release|ARM.ActiveCfg = Release|Any CPU
		{BA96C272-6744-4EAD-AF3B-BBB8EC8E7DC0}.Release|ARM.Build.0 = Release|Any CPU
		{BA96C272-6744-4EAD-AF3B-BBB8EC8E7DC0}.Release|x64.ActiveCfg = Release|Any CPU
		{BA96C272-6744-4EAD-AF3B-BBB8EC8E7DC0}.Release|x64.Build.0 = Release|Any CPU
		{BA96C272-6744-4EAD-AF3B-BBB8EC8E7DC0}.Release|x86.ActiveCfg = Release|x86
		{BA96C272-6744-4EAD-AF3B-BBB8EC8E7DC0}.Release|x86.Build.0 = Release|x86
		{53047F4F-9839-40A7-B10B-CCAF1A66EA37}.AAA|Any CPU.ActiveCfg = AAA|Any CPU
		{53047F4F-9839-40A7-B10B-CCAF1A66EA37}.AAA|Any CPU.Build.0 = AAA|Any CPU
		{53047F4F-9839-40A7-B10B-CCAF1A66EA37}.AAA|ARM.ActiveCfg = AAA|Any CPU
		{53047F4F-9839-40A7-B10B-CCAF1A66EA37}.AAA|ARM.Build.0 = AAA|Any CPU
		{53047F4F-9839-40A7-B10B-CCAF1A66EA37}.AAA|x64.ActiveCfg = AAA|Any CPU
		{53047F4F-9839-40A7-B10B-CCAF1A66EA37}.AAA|x64.Build.0 = AAA|Any CPU
		{53047F4F-9839-40A7-B10B-CCAF1A66EA37}.AAA|x86.ActiveCfg = AAA|Any CPU
		{53047F4F-9839-40A7-B10B-CCAF1A66EA37}.AAA|x86.Build.0 = AAA|Any CPU
		{53047F4F-9839-40A7-B10B-CCAF1A66EA37}.Debug|Any CPU.ActiveCfg = Debug|Any CPU
		{53047F4F-9839-40A7-B10B-CCAF1A66EA37}.Debug|Any CPU.Build.0 = Debug|Any CPU
		{53047F4F-9839-40A7-B10B-CCAF1A66EA37}.Debug|ARM.ActiveCfg = Debug|Any CPU
		{53047F4F-9839-40A7-B10B-CCAF1A66EA37}.Debug|ARM.Build.0 = Debug|Any CPU
		{53047F4F-9839-40A7-B10B-CCAF1A66EA37}.Debug|x64.ActiveCfg = Debug|Any CPU
		{53047F4F-9839-40A7-B10B-CCAF1A66EA37}.Debug|x64.Build.0 = Debug|Any CPU
		{53047F4F-9839-40A7-B10B-CCAF1A66EA37}.Debug|x86.ActiveCfg = Debug|Any CPU
		{53047F4F-9839-40A7-B10B-CCAF1A66EA37}.Debug|x86.Build.0 = Debug|Any CPU
		{53047F4F-9839-40A7-B10B-CCAF1A66EA37}.Release|Any CPU.ActiveCfg = Release|Any CPU
		{53047F4F-9839-40A7-B10B-CCAF1A66EA37}.Release|Any CPU.Build.0 = Release|Any CPU
		{53047F4F-9839-40A7-B10B-CCAF1A66EA37}.Release|ARM.ActiveCfg = Release|Any CPU
		{53047F4F-9839-40A7-B10B-CCAF1A66EA37}.Release|ARM.Build.0 = Release|Any CPU
		{53047F4F-9839-40A7-B10B-CCAF1A66EA37}.Release|x64.ActiveCfg = Release|Any CPU
		{53047F4F-9839-40A7-B10B-CCAF1A66EA37}.Release|x64.Build.0 = Release|Any CPU
		{53047F4F-9839-40A7-B10B-CCAF1A66EA37}.Release|x86.ActiveCfg = Release|Any CPU
		{53047F4F-9839-40A7-B10B-CCAF1A66EA37}.Release|x86.Build.0 = Release|Any CPU
		{6D923566-DE18-466D-B2BC-E06F50E76352}.AAA|Any CPU.ActiveCfg = Release|Any CPU
		{6D923566-DE18-466D-B2BC-E06F50E76352}.AAA|ARM.ActiveCfg = Release|ARM
		{6D923566-DE18-466D-B2BC-E06F50E76352}.AAA|x64.ActiveCfg = Release|Any CPU
		{6D923566-DE18-466D-B2BC-E06F50E76352}.AAA|x86.ActiveCfg = Release|x86
		{6D923566-DE18-466D-B2BC-E06F50E76352}.Debug|Any CPU.ActiveCfg = Debug|Any CPU
		{6D923566-DE18-466D-B2BC-E06F50E76352}.Debug|Any CPU.Build.0 = Debug|Any CPU
		{6D923566-DE18-466D-B2BC-E06F50E76352}.Debug|ARM.ActiveCfg = Debug|ARM
		{6D923566-DE18-466D-B2BC-E06F50E76352}.Debug|ARM.Build.0 = Debug|ARM
		{6D923566-DE18-466D-B2BC-E06F50E76352}.Debug|x64.ActiveCfg = Debug|Any CPU
		{6D923566-DE18-466D-B2BC-E06F50E76352}.Debug|x64.Build.0 = Debug|Any CPU
		{6D923566-DE18-466D-B2BC-E06F50E76352}.Debug|x86.ActiveCfg = Debug|x86
		{6D923566-DE18-466D-B2BC-E06F50E76352}.Debug|x86.Build.0 = Debug|x86
		{6D923566-DE18-466D-B2BC-E06F50E76352}.Release|Any CPU.ActiveCfg = Release|Any CPU
		{6D923566-DE18-466D-B2BC-E06F50E76352}.Release|Any CPU.Build.0 = Release|Any CPU
		{6D923566-DE18-466D-B2BC-E06F50E76352}.Release|ARM.ActiveCfg = Release|ARM
		{6D923566-DE18-466D-B2BC-E06F50E76352}.Release|ARM.Build.0 = Release|ARM
		{6D923566-DE18-466D-B2BC-E06F50E76352}.Release|x64.ActiveCfg = Release|Any CPU
		{6D923566-DE18-466D-B2BC-E06F50E76352}.Release|x64.Build.0 = Release|Any CPU
		{6D923566-DE18-466D-B2BC-E06F50E76352}.Release|x86.ActiveCfg = Release|x86
		{6D923566-DE18-466D-B2BC-E06F50E76352}.Release|x86.Build.0 = Release|x86
		{9B59A779-118D-4497-97F4-074C0E43FBDD}.AAA|Any CPU.ActiveCfg = Debug|Any CPU
		{9B59A779-118D-4497-97F4-074C0E43FBDD}.AAA|Any CPU.Build.0 = Debug|Any CPU
		{9B59A779-118D-4497-97F4-074C0E43FBDD}.AAA|ARM.ActiveCfg = Debug|Any CPU
		{9B59A779-118D-4497-97F4-074C0E43FBDD}.AAA|ARM.Build.0 = Debug|Any CPU
		{9B59A779-118D-4497-97F4-074C0E43FBDD}.AAA|x64.ActiveCfg = Debug|Any CPU
		{9B59A779-118D-4497-97F4-074C0E43FBDD}.AAA|x64.Build.0 = Debug|Any CPU
		{9B59A779-118D-4497-97F4-074C0E43FBDD}.AAA|x86.ActiveCfg = Debug|Any CPU
		{9B59A779-118D-4497-97F4-074C0E43FBDD}.AAA|x86.Build.0 = Debug|Any CPU
		{9B59A779-118D-4497-97F4-074C0E43FBDD}.Debug|Any CPU.ActiveCfg = Debug|Any CPU
		{9B59A779-118D-4497-97F4-074C0E43FBDD}.Debug|Any CPU.Build.0 = Debug|Any CPU
		{9B59A779-118D-4497-97F4-074C0E43FBDD}.Debug|ARM.ActiveCfg = Debug|Any CPU
		{9B59A779-118D-4497-97F4-074C0E43FBDD}.Debug|ARM.Build.0 = Debug|Any CPU
		{9B59A779-118D-4497-97F4-074C0E43FBDD}.Debug|x64.ActiveCfg = Debug|Any CPU
		{9B59A779-118D-4497-97F4-074C0E43FBDD}.Debug|x64.Build.0 = Debug|Any CPU
		{9B59A779-118D-4497-97F4-074C0E43FBDD}.Debug|x86.ActiveCfg = Debug|Any CPU
		{9B59A779-118D-4497-97F4-074C0E43FBDD}.Debug|x86.Build.0 = Debug|Any CPU
		{9B59A779-118D-4497-97F4-074C0E43FBDD}.Release|Any CPU.ActiveCfg = Debug|Any CPU
		{9B59A779-118D-4497-97F4-074C0E43FBDD}.Release|Any CPU.Build.0 = Debug|Any CPU
		{9B59A779-118D-4497-97F4-074C0E43FBDD}.Release|ARM.ActiveCfg = Debug|Any CPU
		{9B59A779-118D-4497-97F4-074C0E43FBDD}.Release|ARM.Build.0 = Debug|Any CPU
		{9B59A779-118D-4497-97F4-074C0E43FBDD}.Release|x64.ActiveCfg = Debug|Any CPU
		{9B59A779-118D-4497-97F4-074C0E43FBDD}.Release|x64.Build.0 = Debug|Any CPU
		{9B59A779-118D-4497-97F4-074C0E43FBDD}.Release|x86.ActiveCfg = Debug|Any CPU
		{9B59A779-118D-4497-97F4-074C0E43FBDD}.Release|x86.Build.0 = Debug|Any CPU
		{C669DE88-6AA0-40FC-937B-9CBB4830FB2D}.AAA|Any CPU.ActiveCfg = Release|Any CPU
		{C669DE88-6AA0-40FC-937B-9CBB4830FB2D}.AAA|ARM.ActiveCfg = Release|ARM
		{C669DE88-6AA0-40FC-937B-9CBB4830FB2D}.AAA|x64.ActiveCfg = Release|Any CPU
		{C669DE88-6AA0-40FC-937B-9CBB4830FB2D}.AAA|x86.ActiveCfg = Release|x86
		{C669DE88-6AA0-40FC-937B-9CBB4830FB2D}.Debug|Any CPU.ActiveCfg = Debug|Any CPU
		{C669DE88-6AA0-40FC-937B-9CBB4830FB2D}.Debug|Any CPU.Build.0 = Debug|Any CPU
		{C669DE88-6AA0-40FC-937B-9CBB4830FB2D}.Debug|Any CPU.Deploy.0 = Debug|Any CPU
		{C669DE88-6AA0-40FC-937B-9CBB4830FB2D}.Debug|ARM.ActiveCfg = Debug|ARM
		{C669DE88-6AA0-40FC-937B-9CBB4830FB2D}.Debug|ARM.Build.0 = Debug|ARM
		{C669DE88-6AA0-40FC-937B-9CBB4830FB2D}.Debug|ARM.Deploy.0 = Debug|ARM
		{C669DE88-6AA0-40FC-937B-9CBB4830FB2D}.Debug|x64.ActiveCfg = Debug|Any CPU
		{C669DE88-6AA0-40FC-937B-9CBB4830FB2D}.Debug|x64.Build.0 = Debug|Any CPU
		{C669DE88-6AA0-40FC-937B-9CBB4830FB2D}.Debug|x64.Deploy.0 = Debug|Any CPU
		{C669DE88-6AA0-40FC-937B-9CBB4830FB2D}.Debug|x86.ActiveCfg = Debug|x86
		{C669DE88-6AA0-40FC-937B-9CBB4830FB2D}.Debug|x86.Build.0 = Debug|x86
		{C669DE88-6AA0-40FC-937B-9CBB4830FB2D}.Debug|x86.Deploy.0 = Debug|x86
		{C669DE88-6AA0-40FC-937B-9CBB4830FB2D}.Release|Any CPU.ActiveCfg = Release|Any CPU
		{C669DE88-6AA0-40FC-937B-9CBB4830FB2D}.Release|Any CPU.Build.0 = Release|Any CPU
		{C669DE88-6AA0-40FC-937B-9CBB4830FB2D}.Release|Any CPU.Deploy.0 = Release|Any CPU
		{C669DE88-6AA0-40FC-937B-9CBB4830FB2D}.Release|ARM.ActiveCfg = Release|ARM
		{C669DE88-6AA0-40FC-937B-9CBB4830FB2D}.Release|ARM.Build.0 = Release|ARM
		{C669DE88-6AA0-40FC-937B-9CBB4830FB2D}.Release|ARM.Deploy.0 = Release|ARM
		{C669DE88-6AA0-40FC-937B-9CBB4830FB2D}.Release|x64.ActiveCfg = Release|Any CPU
		{C669DE88-6AA0-40FC-937B-9CBB4830FB2D}.Release|x64.Build.0 = Release|Any CPU
		{C669DE88-6AA0-40FC-937B-9CBB4830FB2D}.Release|x64.Deploy.0 = Release|Any CPU
		{C669DE88-6AA0-40FC-937B-9CBB4830FB2D}.Release|x86.ActiveCfg = Release|x86
		{C669DE88-6AA0-40FC-937B-9CBB4830FB2D}.Release|x86.Build.0 = Release|x86
		{C669DE88-6AA0-40FC-937B-9CBB4830FB2D}.Release|x86.Deploy.0 = Release|x86
		{8A2C3A30-7933-4C8C-94C2-02D407AA1C59}.AAA|Any CPU.ActiveCfg = Release|Any CPU
		{8A2C3A30-7933-4C8C-94C2-02D407AA1C59}.AAA|Any CPU.Build.0 = Release|Any CPU
		{8A2C3A30-7933-4C8C-94C2-02D407AA1C59}.AAA|ARM.ActiveCfg = Release|Any CPU
		{8A2C3A30-7933-4C8C-94C2-02D407AA1C59}.AAA|ARM.Build.0 = Release|Any CPU
		{8A2C3A30-7933-4C8C-94C2-02D407AA1C59}.AAA|x64.ActiveCfg = Release|Any CPU
		{8A2C3A30-7933-4C8C-94C2-02D407AA1C59}.AAA|x64.Build.0 = Release|Any CPU
		{8A2C3A30-7933-4C8C-94C2-02D407AA1C59}.AAA|x86.ActiveCfg = Release|Any CPU
		{8A2C3A30-7933-4C8C-94C2-02D407AA1C59}.AAA|x86.Build.0 = Release|Any CPU
		{8A2C3A30-7933-4C8C-94C2-02D407AA1C59}.Debug|Any CPU.ActiveCfg = Debug|Any CPU
		{8A2C3A30-7933-4C8C-94C2-02D407AA1C59}.Debug|Any CPU.Build.0 = Debug|Any CPU
		{8A2C3A30-7933-4C8C-94C2-02D407AA1C59}.Debug|ARM.ActiveCfg = Debug|Any CPU
		{8A2C3A30-7933-4C8C-94C2-02D407AA1C59}.Debug|ARM.Build.0 = Debug|Any CPU
		{8A2C3A30-7933-4C8C-94C2-02D407AA1C59}.Debug|x64.ActiveCfg = Debug|Any CPU
		{8A2C3A30-7933-4C8C-94C2-02D407AA1C59}.Debug|x64.Build.0 = Debug|Any CPU
		{8A2C3A30-7933-4C8C-94C2-02D407AA1C59}.Debug|x86.ActiveCfg = Debug|Any CPU
		{8A2C3A30-7933-4C8C-94C2-02D407AA1C59}.Debug|x86.Build.0 = Debug|Any CPU
		{8A2C3A30-7933-4C8C-94C2-02D407AA1C59}.Release|Any CPU.ActiveCfg = Release|Any CPU
		{8A2C3A30-7933-4C8C-94C2-02D407AA1C59}.Release|Any CPU.Build.0 = Release|Any CPU
		{8A2C3A30-7933-4C8C-94C2-02D407AA1C59}.Release|ARM.ActiveCfg = Release|Any CPU
		{8A2C3A30-7933-4C8C-94C2-02D407AA1C59}.Release|ARM.Build.0 = Release|Any CPU
		{8A2C3A30-7933-4C8C-94C2-02D407AA1C59}.Release|x64.ActiveCfg = Release|Any CPU
		{8A2C3A30-7933-4C8C-94C2-02D407AA1C59}.Release|x64.Build.0 = Release|Any CPU
		{8A2C3A30-7933-4C8C-94C2-02D407AA1C59}.Release|x86.ActiveCfg = Release|Any CPU
		{8A2C3A30-7933-4C8C-94C2-02D407AA1C59}.Release|x86.Build.0 = Release|Any CPU
		{73D7FE72-1170-4912-ABD7-AA27EAFD3E1D}.AAA|Any CPU.ActiveCfg = Release|Any CPU
		{73D7FE72-1170-4912-ABD7-AA27EAFD3E1D}.AAA|ARM.ActiveCfg = Release|ARM
		{73D7FE72-1170-4912-ABD7-AA27EAFD3E1D}.AAA|x64.ActiveCfg = Release|x64
		{73D7FE72-1170-4912-ABD7-AA27EAFD3E1D}.AAA|x86.ActiveCfg = Release|x86
		{73D7FE72-1170-4912-ABD7-AA27EAFD3E1D}.Debug|Any CPU.ActiveCfg = Debug|Any CPU
		{73D7FE72-1170-4912-ABD7-AA27EAFD3E1D}.Debug|Any CPU.Build.0 = Debug|Any CPU
		{73D7FE72-1170-4912-ABD7-AA27EAFD3E1D}.Debug|ARM.ActiveCfg = Debug|ARM
		{73D7FE72-1170-4912-ABD7-AA27EAFD3E1D}.Debug|ARM.Build.0 = Debug|ARM
		{73D7FE72-1170-4912-ABD7-AA27EAFD3E1D}.Debug|x64.ActiveCfg = Debug|x64
		{73D7FE72-1170-4912-ABD7-AA27EAFD3E1D}.Debug|x64.Build.0 = Debug|x64
		{73D7FE72-1170-4912-ABD7-AA27EAFD3E1D}.Debug|x86.ActiveCfg = Debug|x86
		{73D7FE72-1170-4912-ABD7-AA27EAFD3E1D}.Debug|x86.Build.0 = Debug|x86
		{73D7FE72-1170-4912-ABD7-AA27EAFD3E1D}.Release|Any CPU.ActiveCfg = Release|Any CPU
		{73D7FE72-1170-4912-ABD7-AA27EAFD3E1D}.Release|Any CPU.Build.0 = Release|Any CPU
		{73D7FE72-1170-4912-ABD7-AA27EAFD3E1D}.Release|ARM.ActiveCfg = Release|ARM
		{73D7FE72-1170-4912-ABD7-AA27EAFD3E1D}.Release|ARM.Build.0 = Release|ARM
		{73D7FE72-1170-4912-ABD7-AA27EAFD3E1D}.Release|x64.ActiveCfg = Release|x64
		{73D7FE72-1170-4912-ABD7-AA27EAFD3E1D}.Release|x64.Build.0 = Release|x64
		{73D7FE72-1170-4912-ABD7-AA27EAFD3E1D}.Release|x86.ActiveCfg = Release|x86
		{73D7FE72-1170-4912-ABD7-AA27EAFD3E1D}.Release|x86.Build.0 = Release|x86
		{1FF3175D-E3F3-4563-B42B-24E52E424BDD}.AAA|Any CPU.ActiveCfg = Release|x64
		{1FF3175D-E3F3-4563-B42B-24E52E424BDD}.AAA|ARM.ActiveCfg = Release|ARM
		{1FF3175D-E3F3-4563-B42B-24E52E424BDD}.AAA|x64.ActiveCfg = Release|x64
		{1FF3175D-E3F3-4563-B42B-24E52E424BDD}.AAA|x86.ActiveCfg = Release|x86
		{1FF3175D-E3F3-4563-B42B-24E52E424BDD}.Debug|Any CPU.ActiveCfg = Debug|x86
		{1FF3175D-E3F3-4563-B42B-24E52E424BDD}.Debug|ARM.ActiveCfg = Debug|ARM
		{1FF3175D-E3F3-4563-B42B-24E52E424BDD}.Debug|ARM.Build.0 = Debug|ARM
		{1FF3175D-E3F3-4563-B42B-24E52E424BDD}.Debug|ARM.Deploy.0 = Debug|ARM
		{1FF3175D-E3F3-4563-B42B-24E52E424BDD}.Debug|x64.ActiveCfg = Debug|x64
		{1FF3175D-E3F3-4563-B42B-24E52E424BDD}.Debug|x64.Build.0 = Debug|x64
		{1FF3175D-E3F3-4563-B42B-24E52E424BDD}.Debug|x64.Deploy.0 = Debug|x64
		{1FF3175D-E3F3-4563-B42B-24E52E424BDD}.Debug|x86.ActiveCfg = Debug|x86
		{1FF3175D-E3F3-4563-B42B-24E52E424BDD}.Debug|x86.Build.0 = Debug|x86
		{1FF3175D-E3F3-4563-B42B-24E52E424BDD}.Debug|x86.Deploy.0 = Debug|x86
		{1FF3175D-E3F3-4563-B42B-24E52E424BDD}.Release|Any CPU.ActiveCfg = Release|x86
		{1FF3175D-E3F3-4563-B42B-24E52E424BDD}.Release|ARM.ActiveCfg = Release|ARM
		{1FF3175D-E3F3-4563-B42B-24E52E424BDD}.Release|ARM.Build.0 = Release|ARM
		{1FF3175D-E3F3-4563-B42B-24E52E424BDD}.Release|ARM.Deploy.0 = Release|ARM
		{1FF3175D-E3F3-4563-B42B-24E52E424BDD}.Release|x64.ActiveCfg = Release|x64
		{1FF3175D-E3F3-4563-B42B-24E52E424BDD}.Release|x64.Build.0 = Release|x64
		{1FF3175D-E3F3-4563-B42B-24E52E424BDD}.Release|x64.Deploy.0 = Release|x64
		{1FF3175D-E3F3-4563-B42B-24E52E424BDD}.Release|x86.ActiveCfg = Release|x86
		{1FF3175D-E3F3-4563-B42B-24E52E424BDD}.Release|x86.Build.0 = Release|x86
		{1FF3175D-E3F3-4563-B42B-24E52E424BDD}.Release|x86.Deploy.0 = Release|x86
		{B1729755-FE98-4906-8DDB-4A0CF2799096}.AAA|Any CPU.ActiveCfg = Release|Any CPU
		{B1729755-FE98-4906-8DDB-4A0CF2799096}.AAA|Any CPU.Build.0 = Release|Any CPU
		{B1729755-FE98-4906-8DDB-4A0CF2799096}.AAA|ARM.ActiveCfg = Release|Any CPU
		{B1729755-FE98-4906-8DDB-4A0CF2799096}.AAA|ARM.Build.0 = Release|Any CPU
		{B1729755-FE98-4906-8DDB-4A0CF2799096}.AAA|x64.ActiveCfg = Release|Any CPU
		{B1729755-FE98-4906-8DDB-4A0CF2799096}.AAA|x64.Build.0 = Release|Any CPU
		{B1729755-FE98-4906-8DDB-4A0CF2799096}.AAA|x86.ActiveCfg = Release|Any CPU
		{B1729755-FE98-4906-8DDB-4A0CF2799096}.AAA|x86.Build.0 = Release|Any CPU
		{B1729755-FE98-4906-8DDB-4A0CF2799096}.Debug|Any CPU.ActiveCfg = Debug|Any CPU
		{B1729755-FE98-4906-8DDB-4A0CF2799096}.Debug|Any CPU.Build.0 = Debug|Any CPU
		{B1729755-FE98-4906-8DDB-4A0CF2799096}.Debug|ARM.ActiveCfg = Debug|Any CPU
		{B1729755-FE98-4906-8DDB-4A0CF2799096}.Debug|ARM.Build.0 = Debug|Any CPU
		{B1729755-FE98-4906-8DDB-4A0CF2799096}.Debug|x64.ActiveCfg = Debug|Any CPU
		{B1729755-FE98-4906-8DDB-4A0CF2799096}.Debug|x64.Build.0 = Debug|Any CPU
		{B1729755-FE98-4906-8DDB-4A0CF2799096}.Debug|x86.ActiveCfg = Debug|Any CPU
		{B1729755-FE98-4906-8DDB-4A0CF2799096}.Debug|x86.Build.0 = Debug|Any CPU
		{B1729755-FE98-4906-8DDB-4A0CF2799096}.Release|Any CPU.ActiveCfg = Release|Any CPU
		{B1729755-FE98-4906-8DDB-4A0CF2799096}.Release|Any CPU.Build.0 = Release|Any CPU
		{B1729755-FE98-4906-8DDB-4A0CF2799096}.Release|ARM.ActiveCfg = Release|Any CPU
		{B1729755-FE98-4906-8DDB-4A0CF2799096}.Release|ARM.Build.0 = Release|Any CPU
		{B1729755-FE98-4906-8DDB-4A0CF2799096}.Release|x64.ActiveCfg = Release|Any CPU
		{B1729755-FE98-4906-8DDB-4A0CF2799096}.Release|x64.Build.0 = Release|Any CPU
		{B1729755-FE98-4906-8DDB-4A0CF2799096}.Release|x86.ActiveCfg = Release|Any CPU
		{B1729755-FE98-4906-8DDB-4A0CF2799096}.Release|x86.Build.0 = Release|Any CPU
		{C91D683E-4322-4544-A60C-CCBFD08B2E31}.AAA|Any CPU.ActiveCfg = Release|Any CPU
		{C91D683E-4322-4544-A60C-CCBFD08B2E31}.AAA|Any CPU.Build.0 = Release|Any CPU
		{C91D683E-4322-4544-A60C-CCBFD08B2E31}.AAA|ARM.ActiveCfg = Release|Any CPU
		{C91D683E-4322-4544-A60C-CCBFD08B2E31}.AAA|ARM.Build.0 = Release|Any CPU
		{C91D683E-4322-4544-A60C-CCBFD08B2E31}.AAA|x64.ActiveCfg = Release|Any CPU
		{C91D683E-4322-4544-A60C-CCBFD08B2E31}.AAA|x64.Build.0 = Release|Any CPU
		{C91D683E-4322-4544-A60C-CCBFD08B2E31}.AAA|x86.ActiveCfg = Release|Any CPU
		{C91D683E-4322-4544-A60C-CCBFD08B2E31}.AAA|x86.Build.0 = Release|Any CPU
		{C91D683E-4322-4544-A60C-CCBFD08B2E31}.Debug|Any CPU.ActiveCfg = Debug|Any CPU
		{C91D683E-4322-4544-A60C-CCBFD08B2E31}.Debug|Any CPU.Build.0 = Debug|Any CPU
		{C91D683E-4322-4544-A60C-CCBFD08B2E31}.Debug|ARM.ActiveCfg = Debug|Any CPU
		{C91D683E-4322-4544-A60C-CCBFD08B2E31}.Debug|ARM.Build.0 = Debug|Any CPU
		{C91D683E-4322-4544-A60C-CCBFD08B2E31}.Debug|x64.ActiveCfg = Debug|Any CPU
		{C91D683E-4322-4544-A60C-CCBFD08B2E31}.Debug|x64.Build.0 = Debug|Any CPU
		{C91D683E-4322-4544-A60C-CCBFD08B2E31}.Debug|x86.ActiveCfg = Debug|Any CPU
		{C91D683E-4322-4544-A60C-CCBFD08B2E31}.Debug|x86.Build.0 = Debug|Any CPU
		{C91D683E-4322-4544-A60C-CCBFD08B2E31}.Release|Any CPU.ActiveCfg = Release|Any CPU
		{C91D683E-4322-4544-A60C-CCBFD08B2E31}.Release|Any CPU.Build.0 = Release|Any CPU
		{C91D683E-4322-4544-A60C-CCBFD08B2E31}.Release|ARM.ActiveCfg = Release|Any CPU
		{C91D683E-4322-4544-A60C-CCBFD08B2E31}.Release|ARM.Build.0 = Release|Any CPU
		{C91D683E-4322-4544-A60C-CCBFD08B2E31}.Release|x64.ActiveCfg = Release|Any CPU
		{C91D683E-4322-4544-A60C-CCBFD08B2E31}.Release|x64.Build.0 = Release|Any CPU
		{C91D683E-4322-4544-A60C-CCBFD08B2E31}.Release|x86.ActiveCfg = Release|Any CPU
		{C91D683E-4322-4544-A60C-CCBFD08B2E31}.Release|x86.Build.0 = Release|Any CPU
		{7524AAC7-4F08-436F-9E39-31FD3FE9BDB3}.AAA|Any CPU.ActiveCfg = Release|Any CPU
		{7524AAC7-4F08-436F-9E39-31FD3FE9BDB3}.AAA|Any CPU.Build.0 = Release|Any CPU
		{7524AAC7-4F08-436F-9E39-31FD3FE9BDB3}.AAA|ARM.ActiveCfg = Release|Any CPU
		{7524AAC7-4F08-436F-9E39-31FD3FE9BDB3}.AAA|ARM.Build.0 = Release|Any CPU
		{7524AAC7-4F08-436F-9E39-31FD3FE9BDB3}.AAA|x64.ActiveCfg = Release|Any CPU
		{7524AAC7-4F08-436F-9E39-31FD3FE9BDB3}.AAA|x64.Build.0 = Release|Any CPU
		{7524AAC7-4F08-436F-9E39-31FD3FE9BDB3}.AAA|x86.ActiveCfg = Release|Any CPU
		{7524AAC7-4F08-436F-9E39-31FD3FE9BDB3}.AAA|x86.Build.0 = Release|Any CPU
		{7524AAC7-4F08-436F-9E39-31FD3FE9BDB3}.Debug|Any CPU.ActiveCfg = Debug|Any CPU
		{7524AAC7-4F08-436F-9E39-31FD3FE9BDB3}.Debug|Any CPU.Build.0 = Debug|Any CPU
		{7524AAC7-4F08-436F-9E39-31FD3FE9BDB3}.Debug|ARM.ActiveCfg = Debug|Any CPU
		{7524AAC7-4F08-436F-9E39-31FD3FE9BDB3}.Debug|ARM.Build.0 = Debug|Any CPU
		{7524AAC7-4F08-436F-9E39-31FD3FE9BDB3}.Debug|x64.ActiveCfg = Debug|Any CPU
		{7524AAC7-4F08-436F-9E39-31FD3FE9BDB3}.Debug|x64.Build.0 = Debug|Any CPU
		{7524AAC7-4F08-436F-9E39-31FD3FE9BDB3}.Debug|x86.ActiveCfg = Debug|Any CPU
		{7524AAC7-4F08-436F-9E39-31FD3FE9BDB3}.Debug|x86.Build.0 = Debug|Any CPU
		{7524AAC7-4F08-436F-9E39-31FD3FE9BDB3}.Release|Any CPU.ActiveCfg = Release|Any CPU
		{7524AAC7-4F08-436F-9E39-31FD3FE9BDB3}.Release|Any CPU.Build.0 = Release|Any CPU
		{7524AAC7-4F08-436F-9E39-31FD3FE9BDB3}.Release|ARM.ActiveCfg = Release|Any CPU
		{7524AAC7-4F08-436F-9E39-31FD3FE9BDB3}.Release|ARM.Build.0 = Release|Any CPU
		{7524AAC7-4F08-436F-9E39-31FD3FE9BDB3}.Release|x64.ActiveCfg = Release|Any CPU
		{7524AAC7-4F08-436F-9E39-31FD3FE9BDB3}.Release|x64.Build.0 = Release|Any CPU
		{7524AAC7-4F08-436F-9E39-31FD3FE9BDB3}.Release|x86.ActiveCfg = Release|Any CPU
		{7524AAC7-4F08-436F-9E39-31FD3FE9BDB3}.Release|x86.Build.0 = Release|Any CPU
		{B8D521E5-9073-4B32-A7A7-F415E623F67C}.AAA|Any CPU.ActiveCfg = AAA|Any CPU
		{B8D521E5-9073-4B32-A7A7-F415E623F67C}.AAA|Any CPU.Build.0 = AAA|Any CPU
		{B8D521E5-9073-4B32-A7A7-F415E623F67C}.AAA|ARM.ActiveCfg = AAA|Any CPU
		{B8D521E5-9073-4B32-A7A7-F415E623F67C}.AAA|ARM.Build.0 = AAA|Any CPU
		{B8D521E5-9073-4B32-A7A7-F415E623F67C}.AAA|x64.ActiveCfg = AAA|Any CPU
		{B8D521E5-9073-4B32-A7A7-F415E623F67C}.AAA|x64.Build.0 = AAA|Any CPU
		{B8D521E5-9073-4B32-A7A7-F415E623F67C}.AAA|x86.ActiveCfg = AAA|Any CPU
		{B8D521E5-9073-4B32-A7A7-F415E623F67C}.AAA|x86.Build.0 = AAA|Any CPU
		{B8D521E5-9073-4B32-A7A7-F415E623F67C}.Debug|Any CPU.ActiveCfg = Debug|Any CPU
		{B8D521E5-9073-4B32-A7A7-F415E623F67C}.Debug|Any CPU.Build.0 = Debug|Any CPU
		{B8D521E5-9073-4B32-A7A7-F415E623F67C}.Debug|ARM.ActiveCfg = Debug|Any CPU
		{B8D521E5-9073-4B32-A7A7-F415E623F67C}.Debug|ARM.Build.0 = Debug|Any CPU
		{B8D521E5-9073-4B32-A7A7-F415E623F67C}.Debug|x64.ActiveCfg = Debug|Any CPU
		{B8D521E5-9073-4B32-A7A7-F415E623F67C}.Debug|x64.Build.0 = Debug|Any CPU
		{B8D521E5-9073-4B32-A7A7-F415E623F67C}.Debug|x86.ActiveCfg = Debug|Any CPU
		{B8D521E5-9073-4B32-A7A7-F415E623F67C}.Debug|x86.Build.0 = Debug|Any CPU
		{B8D521E5-9073-4B32-A7A7-F415E623F67C}.Release|Any CPU.ActiveCfg = Release|Any CPU
		{B8D521E5-9073-4B32-A7A7-F415E623F67C}.Release|Any CPU.Build.0 = Release|Any CPU
		{B8D521E5-9073-4B32-A7A7-F415E623F67C}.Release|ARM.ActiveCfg = Release|Any CPU
		{B8D521E5-9073-4B32-A7A7-F415E623F67C}.Release|ARM.Build.0 = Release|Any CPU
		{B8D521E5-9073-4B32-A7A7-F415E623F67C}.Release|x64.ActiveCfg = Release|Any CPU
		{B8D521E5-9073-4B32-A7A7-F415E623F67C}.Release|x64.Build.0 = Release|Any CPU
		{B8D521E5-9073-4B32-A7A7-F415E623F67C}.Release|x86.ActiveCfg = Release|Any CPU
		{B8D521E5-9073-4B32-A7A7-F415E623F67C}.Release|x86.Build.0 = Release|Any CPU
		{BCB76C92-15DD-436C-9B5C-6D8D9671FA88}.AAA|Any CPU.ActiveCfg = AAA|Any CPU
		{BCB76C92-15DD-436C-9B5C-6D8D9671FA88}.AAA|Any CPU.Build.0 = AAA|Any CPU
		{BCB76C92-15DD-436C-9B5C-6D8D9671FA88}.AAA|ARM.ActiveCfg = AAA|Any CPU
		{BCB76C92-15DD-436C-9B5C-6D8D9671FA88}.AAA|ARM.Build.0 = AAA|Any CPU
		{BCB76C92-15DD-436C-9B5C-6D8D9671FA88}.AAA|x64.ActiveCfg = AAA|Any CPU
		{BCB76C92-15DD-436C-9B5C-6D8D9671FA88}.AAA|x64.Build.0 = AAA|Any CPU
		{BCB76C92-15DD-436C-9B5C-6D8D9671FA88}.AAA|x86.ActiveCfg = AAA|Any CPU
		{BCB76C92-15DD-436C-9B5C-6D8D9671FA88}.AAA|x86.Build.0 = AAA|Any CPU
		{BCB76C92-15DD-436C-9B5C-6D8D9671FA88}.Debug|Any CPU.ActiveCfg = Debug|Any CPU
		{BCB76C92-15DD-436C-9B5C-6D8D9671FA88}.Debug|Any CPU.Build.0 = Debug|Any CPU
		{BCB76C92-15DD-436C-9B5C-6D8D9671FA88}.Debug|ARM.ActiveCfg = Debug|Any CPU
		{BCB76C92-15DD-436C-9B5C-6D8D9671FA88}.Debug|ARM.Build.0 = Debug|Any CPU
		{BCB76C92-15DD-436C-9B5C-6D8D9671FA88}.Debug|x64.ActiveCfg = Debug|Any CPU
		{BCB76C92-15DD-436C-9B5C-6D8D9671FA88}.Debug|x64.Build.0 = Debug|Any CPU
		{BCB76C92-15DD-436C-9B5C-6D8D9671FA88}.Debug|x86.ActiveCfg = Debug|Any CPU
		{BCB76C92-15DD-436C-9B5C-6D8D9671FA88}.Debug|x86.Build.0 = Debug|Any CPU
		{BCB76C92-15DD-436C-9B5C-6D8D9671FA88}.Release|Any CPU.ActiveCfg = Release|Any CPU
		{BCB76C92-15DD-436C-9B5C-6D8D9671FA88}.Release|Any CPU.Build.0 = Release|Any CPU
		{BCB76C92-15DD-436C-9B5C-6D8D9671FA88}.Release|ARM.ActiveCfg = Release|Any CPU
		{BCB76C92-15DD-436C-9B5C-6D8D9671FA88}.Release|ARM.Build.0 = Release|Any CPU
		{BCB76C92-15DD-436C-9B5C-6D8D9671FA88}.Release|x64.ActiveCfg = Release|Any CPU
		{BCB76C92-15DD-436C-9B5C-6D8D9671FA88}.Release|x64.Build.0 = Release|Any CPU
		{BCB76C92-15DD-436C-9B5C-6D8D9671FA88}.Release|x86.ActiveCfg = Release|Any CPU
		{BCB76C92-15DD-436C-9B5C-6D8D9671FA88}.Release|x86.Build.0 = Release|Any CPU
		{A237E772-678D-490B-ADDF-1D4535D970B6}.AAA|Any CPU.ActiveCfg = Release|Any CPU
		{A237E772-678D-490B-ADDF-1D4535D970B6}.AAA|Any CPU.Build.0 = Release|Any CPU
		{A237E772-678D-490B-ADDF-1D4535D970B6}.AAA|ARM.ActiveCfg = Release|Any CPU
		{A237E772-678D-490B-ADDF-1D4535D970B6}.AAA|ARM.Build.0 = Release|Any CPU
		{A237E772-678D-490B-ADDF-1D4535D970B6}.AAA|x64.ActiveCfg = Release|Any CPU
		{A237E772-678D-490B-ADDF-1D4535D970B6}.AAA|x64.Build.0 = Release|Any CPU
		{A237E772-678D-490B-ADDF-1D4535D970B6}.AAA|x86.ActiveCfg = Release|Any CPU
		{A237E772-678D-490B-ADDF-1D4535D970B6}.AAA|x86.Build.0 = Release|Any CPU
		{A237E772-678D-490B-ADDF-1D4535D970B6}.Debug|Any CPU.ActiveCfg = Debug|Any CPU
		{A237E772-678D-490B-ADDF-1D4535D970B6}.Debug|Any CPU.Build.0 = Debug|Any CPU
		{A237E772-678D-490B-ADDF-1D4535D970B6}.Debug|ARM.ActiveCfg = Debug|Any CPU
		{A237E772-678D-490B-ADDF-1D4535D970B6}.Debug|ARM.Build.0 = Debug|Any CPU
		{A237E772-678D-490B-ADDF-1D4535D970B6}.Debug|x64.ActiveCfg = Debug|Any CPU
		{A237E772-678D-490B-ADDF-1D4535D970B6}.Debug|x64.Build.0 = Debug|Any CPU
		{A237E772-678D-490B-ADDF-1D4535D970B6}.Debug|x86.ActiveCfg = Debug|Any CPU
		{A237E772-678D-490B-ADDF-1D4535D970B6}.Debug|x86.Build.0 = Debug|Any CPU
		{A237E772-678D-490B-ADDF-1D4535D970B6}.Release|Any CPU.ActiveCfg = Release|Any CPU
		{A237E772-678D-490B-ADDF-1D4535D970B6}.Release|Any CPU.Build.0 = Release|Any CPU
		{A237E772-678D-490B-ADDF-1D4535D970B6}.Release|ARM.ActiveCfg = Release|Any CPU
		{A237E772-678D-490B-ADDF-1D4535D970B6}.Release|ARM.Build.0 = Release|Any CPU
		{A237E772-678D-490B-ADDF-1D4535D970B6}.Release|x64.ActiveCfg = Release|Any CPU
		{A237E772-678D-490B-ADDF-1D4535D970B6}.Release|x64.Build.0 = Release|Any CPU
		{A237E772-678D-490B-ADDF-1D4535D970B6}.Release|x86.ActiveCfg = Release|Any CPU
		{A237E772-678D-490B-ADDF-1D4535D970B6}.Release|x86.Build.0 = Release|Any CPU
		{DC9B4157-68C6-4F52-B8E4-EC2E4BC1D237}.AAA|Any CPU.ActiveCfg = AAA|Any CPU
		{DC9B4157-68C6-4F52-B8E4-EC2E4BC1D237}.AAA|Any CPU.Build.0 = AAA|Any CPU
		{DC9B4157-68C6-4F52-B8E4-EC2E4BC1D237}.AAA|ARM.ActiveCfg = AAA|Any CPU
		{DC9B4157-68C6-4F52-B8E4-EC2E4BC1D237}.AAA|ARM.Build.0 = AAA|Any CPU
		{DC9B4157-68C6-4F52-B8E4-EC2E4BC1D237}.AAA|x64.ActiveCfg = AAA|Any CPU
		{DC9B4157-68C6-4F52-B8E4-EC2E4BC1D237}.AAA|x64.Build.0 = AAA|Any CPU
		{DC9B4157-68C6-4F52-B8E4-EC2E4BC1D237}.AAA|x86.ActiveCfg = AAA|Any CPU
		{DC9B4157-68C6-4F52-B8E4-EC2E4BC1D237}.AAA|x86.Build.0 = AAA|Any CPU
		{DC9B4157-68C6-4F52-B8E4-EC2E4BC1D237}.Debug|Any CPU.ActiveCfg = Debug|Any CPU
		{DC9B4157-68C6-4F52-B8E4-EC2E4BC1D237}.Debug|Any CPU.Build.0 = Debug|Any CPU
		{DC9B4157-68C6-4F52-B8E4-EC2E4BC1D237}.Debug|ARM.ActiveCfg = Debug|Any CPU
		{DC9B4157-68C6-4F52-B8E4-EC2E4BC1D237}.Debug|ARM.Build.0 = Debug|Any CPU
		{DC9B4157-68C6-4F52-B8E4-EC2E4BC1D237}.Debug|x64.ActiveCfg = Debug|Any CPU
		{DC9B4157-68C6-4F52-B8E4-EC2E4BC1D237}.Debug|x64.Build.0 = Debug|Any CPU
		{DC9B4157-68C6-4F52-B8E4-EC2E4BC1D237}.Debug|x86.ActiveCfg = Debug|Any CPU
		{DC9B4157-68C6-4F52-B8E4-EC2E4BC1D237}.Debug|x86.Build.0 = Debug|Any CPU
		{DC9B4157-68C6-4F52-B8E4-EC2E4BC1D237}.Release|Any CPU.ActiveCfg = Release|Any CPU
		{DC9B4157-68C6-4F52-B8E4-EC2E4BC1D237}.Release|Any CPU.Build.0 = Release|Any CPU
		{DC9B4157-68C6-4F52-B8E4-EC2E4BC1D237}.Release|ARM.ActiveCfg = Release|Any CPU
		{DC9B4157-68C6-4F52-B8E4-EC2E4BC1D237}.Release|ARM.Build.0 = Release|Any CPU
		{DC9B4157-68C6-4F52-B8E4-EC2E4BC1D237}.Release|x64.ActiveCfg = Release|Any CPU
		{DC9B4157-68C6-4F52-B8E4-EC2E4BC1D237}.Release|x64.Build.0 = Release|Any CPU
		{DC9B4157-68C6-4F52-B8E4-EC2E4BC1D237}.Release|x86.ActiveCfg = Release|Any CPU
		{DC9B4157-68C6-4F52-B8E4-EC2E4BC1D237}.Release|x86.Build.0 = Release|Any CPU
		{14BE94AD-0449-4BEB-B2BC-1290E7283D17}.AAA|Any CPU.ActiveCfg = Release|Any CPU
		{14BE94AD-0449-4BEB-B2BC-1290E7283D17}.AAA|Any CPU.Build.0 = Release|Any CPU
		{14BE94AD-0449-4BEB-B2BC-1290E7283D17}.AAA|ARM.ActiveCfg = Release|Any CPU
		{14BE94AD-0449-4BEB-B2BC-1290E7283D17}.AAA|ARM.Build.0 = Release|Any CPU
		{14BE94AD-0449-4BEB-B2BC-1290E7283D17}.AAA|x64.ActiveCfg = Release|Any CPU
		{14BE94AD-0449-4BEB-B2BC-1290E7283D17}.AAA|x64.Build.0 = Release|Any CPU
		{14BE94AD-0449-4BEB-B2BC-1290E7283D17}.AAA|x86.ActiveCfg = Release|Any CPU
		{14BE94AD-0449-4BEB-B2BC-1290E7283D17}.AAA|x86.Build.0 = Release|Any CPU
		{14BE94AD-0449-4BEB-B2BC-1290E7283D17}.Debug|Any CPU.ActiveCfg = Debug|Any CPU
		{14BE94AD-0449-4BEB-B2BC-1290E7283D17}.Debug|Any CPU.Build.0 = Debug|Any CPU
		{14BE94AD-0449-4BEB-B2BC-1290E7283D17}.Debug|ARM.ActiveCfg = Debug|Any CPU
		{14BE94AD-0449-4BEB-B2BC-1290E7283D17}.Debug|ARM.Build.0 = Debug|Any CPU
		{14BE94AD-0449-4BEB-B2BC-1290E7283D17}.Debug|x64.ActiveCfg = Debug|Any CPU
		{14BE94AD-0449-4BEB-B2BC-1290E7283D17}.Debug|x64.Build.0 = Debug|Any CPU
		{14BE94AD-0449-4BEB-B2BC-1290E7283D17}.Debug|x86.ActiveCfg = Debug|Any CPU
		{14BE94AD-0449-4BEB-B2BC-1290E7283D17}.Debug|x86.Build.0 = Debug|Any CPU
		{14BE94AD-0449-4BEB-B2BC-1290E7283D17}.Release|Any CPU.ActiveCfg = Release|Any CPU
		{14BE94AD-0449-4BEB-B2BC-1290E7283D17}.Release|Any CPU.Build.0 = Release|Any CPU
		{14BE94AD-0449-4BEB-B2BC-1290E7283D17}.Release|ARM.ActiveCfg = Release|Any CPU
		{14BE94AD-0449-4BEB-B2BC-1290E7283D17}.Release|ARM.Build.0 = Release|Any CPU
		{14BE94AD-0449-4BEB-B2BC-1290E7283D17}.Release|x64.ActiveCfg = Release|Any CPU
		{14BE94AD-0449-4BEB-B2BC-1290E7283D17}.Release|x64.Build.0 = Release|Any CPU
		{14BE94AD-0449-4BEB-B2BC-1290E7283D17}.Release|x86.ActiveCfg = Release|Any CPU
		{14BE94AD-0449-4BEB-B2BC-1290E7283D17}.Release|x86.Build.0 = Release|Any CPU
		{C8898E06-FBB3-48F1-B685-E955E9145CC6}.AAA|Any CPU.ActiveCfg = Release|Any CPU
		{C8898E06-FBB3-48F1-B685-E955E9145CC6}.AAA|Any CPU.Build.0 = Release|Any CPU
		{C8898E06-FBB3-48F1-B685-E955E9145CC6}.AAA|ARM.ActiveCfg = Release|Any CPU
		{C8898E06-FBB3-48F1-B685-E955E9145CC6}.AAA|ARM.Build.0 = Release|Any CPU
		{C8898E06-FBB3-48F1-B685-E955E9145CC6}.AAA|x64.ActiveCfg = Release|Any CPU
		{C8898E06-FBB3-48F1-B685-E955E9145CC6}.AAA|x64.Build.0 = Release|Any CPU
		{C8898E06-FBB3-48F1-B685-E955E9145CC6}.AAA|x86.ActiveCfg = Release|Any CPU
		{C8898E06-FBB3-48F1-B685-E955E9145CC6}.AAA|x86.Build.0 = Release|Any CPU
		{C8898E06-FBB3-48F1-B685-E955E9145CC6}.Debug|Any CPU.ActiveCfg = Debug|Any CPU
		{C8898E06-FBB3-48F1-B685-E955E9145CC6}.Debug|Any CPU.Build.0 = Debug|Any CPU
		{C8898E06-FBB3-48F1-B685-E955E9145CC6}.Debug|ARM.ActiveCfg = Debug|Any CPU
		{C8898E06-FBB3-48F1-B685-E955E9145CC6}.Debug|ARM.Build.0 = Debug|Any CPU
		{C8898E06-FBB3-48F1-B685-E955E9145CC6}.Debug|x64.ActiveCfg = Debug|Any CPU
		{C8898E06-FBB3-48F1-B685-E955E9145CC6}.Debug|x64.Build.0 = Debug|Any CPU
		{C8898E06-FBB3-48F1-B685-E955E9145CC6}.Debug|x86.ActiveCfg = Debug|Any CPU
		{C8898E06-FBB3-48F1-B685-E955E9145CC6}.Debug|x86.Build.0 = Debug|Any CPU
		{C8898E06-FBB3-48F1-B685-E955E9145CC6}.Release|Any CPU.ActiveCfg = Release|Any CPU
		{C8898E06-FBB3-48F1-B685-E955E9145CC6}.Release|Any CPU.Build.0 = Release|Any CPU
		{C8898E06-FBB3-48F1-B685-E955E9145CC6}.Release|ARM.ActiveCfg = Release|Any CPU
		{C8898E06-FBB3-48F1-B685-E955E9145CC6}.Release|ARM.Build.0 = Release|Any CPU
		{C8898E06-FBB3-48F1-B685-E955E9145CC6}.Release|x64.ActiveCfg = Release|Any CPU
		{C8898E06-FBB3-48F1-B685-E955E9145CC6}.Release|x64.Build.0 = Release|Any CPU
		{C8898E06-FBB3-48F1-B685-E955E9145CC6}.Release|x86.ActiveCfg = Release|Any CPU
		{C8898E06-FBB3-48F1-B685-E955E9145CC6}.Release|x86.Build.0 = Release|Any CPU
		{179E2F22-50C2-4C73-840D-1E7DE5A37AB3}.AAA|Any CPU.ActiveCfg = Release|Any CPU
		{179E2F22-50C2-4C73-840D-1E7DE5A37AB3}.AAA|Any CPU.Build.0 = Release|Any CPU
		{179E2F22-50C2-4C73-840D-1E7DE5A37AB3}.AAA|ARM.ActiveCfg = Release|Any CPU
		{179E2F22-50C2-4C73-840D-1E7DE5A37AB3}.AAA|ARM.Build.0 = Release|Any CPU
		{179E2F22-50C2-4C73-840D-1E7DE5A37AB3}.AAA|x64.ActiveCfg = Release|Any CPU
		{179E2F22-50C2-4C73-840D-1E7DE5A37AB3}.AAA|x64.Build.0 = Release|Any CPU
		{179E2F22-50C2-4C73-840D-1E7DE5A37AB3}.AAA|x86.ActiveCfg = Release|Any CPU
		{179E2F22-50C2-4C73-840D-1E7DE5A37AB3}.AAA|x86.Build.0 = Release|Any CPU
		{179E2F22-50C2-4C73-840D-1E7DE5A37AB3}.Debug|Any CPU.ActiveCfg = Debug|Any CPU
		{179E2F22-50C2-4C73-840D-1E7DE5A37AB3}.Debug|Any CPU.Build.0 = Debug|Any CPU
		{179E2F22-50C2-4C73-840D-1E7DE5A37AB3}.Debug|ARM.ActiveCfg = Debug|Any CPU
		{179E2F22-50C2-4C73-840D-1E7DE5A37AB3}.Debug|ARM.Build.0 = Debug|Any CPU
		{179E2F22-50C2-4C73-840D-1E7DE5A37AB3}.Debug|x64.ActiveCfg = Debug|Any CPU
		{179E2F22-50C2-4C73-840D-1E7DE5A37AB3}.Debug|x64.Build.0 = Debug|Any CPU
		{179E2F22-50C2-4C73-840D-1E7DE5A37AB3}.Debug|x86.ActiveCfg = Debug|Any CPU
		{179E2F22-50C2-4C73-840D-1E7DE5A37AB3}.Debug|x86.Build.0 = Debug|Any CPU
		{179E2F22-50C2-4C73-840D-1E7DE5A37AB3}.Release|Any CPU.ActiveCfg = Release|Any CPU
		{179E2F22-50C2-4C73-840D-1E7DE5A37AB3}.Release|Any CPU.Build.0 = Release|Any CPU
		{179E2F22-50C2-4C73-840D-1E7DE5A37AB3}.Release|ARM.ActiveCfg = Release|Any CPU
		{179E2F22-50C2-4C73-840D-1E7DE5A37AB3}.Release|ARM.Build.0 = Release|Any CPU
		{179E2F22-50C2-4C73-840D-1E7DE5A37AB3}.Release|x64.ActiveCfg = Release|Any CPU
		{179E2F22-50C2-4C73-840D-1E7DE5A37AB3}.Release|x64.Build.0 = Release|Any CPU
		{179E2F22-50C2-4C73-840D-1E7DE5A37AB3}.Release|x86.ActiveCfg = Release|Any CPU
		{179E2F22-50C2-4C73-840D-1E7DE5A37AB3}.Release|x86.Build.0 = Release|Any CPU
	EndGlobalSection
	GlobalSection(SolutionProperties) = preSolution
		HideSolutionNode = FALSE
	EndGlobalSection
	GlobalSection(NestedProjects) = preSolution
		{BA96C272-6744-4EAD-AF3B-BBB8EC8E7DC0} = {65521F22-2C4D-45C4-B560-26CE9E429BF1}
		{71078A48-C6BA-4E2E-A22A-229EEBB665B9} = {D36CC134-8E0A-4C87-B1AE-BDBBAC0DEB6E}
		{53047F4F-9839-40A7-B10B-CCAF1A66EA37} = {E015DB35-C42D-4CB3-9CAC-841007256F00}
		{CCFE7C31-52DC-4DAF-A983-3BDE348B4132} = {17C94CA5-24EB-4DFB-918D-661CCE96E851}
		{6D923566-DE18-466D-B2BC-E06F50E76352} = {CCFE7C31-52DC-4DAF-A983-3BDE348B4132}
		{9B59A779-118D-4497-97F4-074C0E43FBDD} = {103F29CF-2D53-4613-A4E2-426873B32164}
		{28421BE1-E449-4B7F-AED8-06F02BA046B4} = {71078A48-C6BA-4E2E-A22A-229EEBB665B9}
		{C669DE88-6AA0-40FC-937B-9CBB4830FB2D} = {28421BE1-E449-4B7F-AED8-06F02BA046B4}
		{83FCC670-FF22-4C0B-8383-093BD954246B} = {71078A48-C6BA-4E2E-A22A-229EEBB665B9}
		{103F29CF-2D53-4613-A4E2-426873B32164} = {71078A48-C6BA-4E2E-A22A-229EEBB665B9}
		{451930B4-B3B3-4129-BA34-CA6113296709} = {17C94CA5-24EB-4DFB-918D-661CCE96E851}
		{8A2C3A30-7933-4C8C-94C2-02D407AA1C59} = {E015DB35-C42D-4CB3-9CAC-841007256F00}
		{EF04FEE4-6A75-47B4-AF65-1305648FC646} = {17C94CA5-24EB-4DFB-918D-661CCE96E851}
		{73D7FE72-1170-4912-ABD7-AA27EAFD3E1D} = {EF04FEE4-6A75-47B4-AF65-1305648FC646}
		{1FF3175D-E3F3-4563-B42B-24E52E424BDD} = {DAD3BD2B-BE7A-4425-8858-52306D53BF0C}
		{DAD3BD2B-BE7A-4425-8858-52306D53BF0C} = {71078A48-C6BA-4E2E-A22A-229EEBB665B9}
		{B1729755-FE98-4906-8DDB-4A0CF2799096} = {E015DB35-C42D-4CB3-9CAC-841007256F00}
		{48621652-EE91-49DD-9696-BDF94D8E55BD} = {AFDAF284-45F3-406D-A585-AE187827F28A}
		{5098B5F4-7960-45DC-8B9C-C7AD621DCAE6} = {5DC257E6-4B9E-4F64-8C0F-DA463F1895AF}
		{17C94CA5-24EB-4DFB-918D-661CCE96E851} = {41BBBA6D-5ECA-476F-93DA-6795C01E4145}
		{6C7E3149-7F97-4B41-992B-0B25CBD4FCF3} = {17C94CA5-24EB-4DFB-918D-661CCE96E851}
		{656C73AE-9D47-48BD-81FE-97C33FD4B7BE} = {D36CC134-8E0A-4C87-B1AE-BDBBAC0DEB6E}
		{65521F22-2C4D-45C4-B560-26CE9E429BF1} = {D36CC134-8E0A-4C87-B1AE-BDBBAC0DEB6E}
		{A1371C0C-2B04-4132-B99E-B10A254731BC} = {65521F22-2C4D-45C4-B560-26CE9E429BF1}
		{C91D683E-4322-4544-A60C-CCBFD08B2E31} = {656C73AE-9D47-48BD-81FE-97C33FD4B7BE}
		{F0282893-2485-49FA-8F2B-408E06C4D8A6} = {D36CC134-8E0A-4C87-B1AE-BDBBAC0DEB6E}
		{7524AAC7-4F08-436F-9E39-31FD3FE9BDB3} = {F0282893-2485-49FA-8F2B-408E06C4D8A6}
		{E015DB35-C42D-4CB3-9CAC-841007256F00} = {D36CC134-8E0A-4C87-B1AE-BDBBAC0DEB6E}
		{B8D521E5-9073-4B32-A7A7-F415E623F67C} = {9A31E001-7D01-4333-9CF1-90B7D8AB69E3}
		{BCB76C92-15DD-436C-9B5C-6D8D9671FA88} = {5098B5F4-7960-45DC-8B9C-C7AD621DCAE6}
		{A237E772-678D-490B-ADDF-1D4535D970B6} = {48621652-EE91-49DD-9696-BDF94D8E55BD}
		{DC9B4157-68C6-4F52-B8E4-EC2E4BC1D237} = {451930B4-B3B3-4129-BA34-CA6113296709}
		{14BE94AD-0449-4BEB-B2BC-1290E7283D17} = {A1371C0C-2B04-4132-B99E-B10A254731BC}
		{C8898E06-FBB3-48F1-B685-E955E9145CC6} = {83FCC670-FF22-4C0B-8383-093BD954246B}
		{179E2F22-50C2-4C73-840D-1E7DE5A37AB3} = {F0282893-2485-49FA-8F2B-408E06C4D8A6}
	EndGlobalSection
	GlobalSection(ExtensibilityGlobals) = postSolution
		SolutionGuid = {85D5038D-3113-4413-BECB-D5E171B3E2BC}
	EndGlobalSection
EndGlobal
