
Microsoft Visual Studio Solution File, Format Version 12.00
# Visual Studio 2015
Project("{FAE04EC0-301F-11D3-BF4B-00C04F79EFBC}") = "Unity3D_2DShoot.Plugins", "Unity3D_2DShoot.Plugins.csproj", "{DE1322B8-1891-D4FB-4964-E422C76A853F}"
EndProject
Project("{FAE04EC0-301F-11D3-BF4B-00C04F79EFBC}") = "Unity3D_2DShoot", "Unity3D_2DShoot.csproj", "{B25C1BD6-948E-4E36-E54D-668B2CBF3582}"
EndProject
Global
	GlobalSection(SolutionConfigurationPlatforms) = preSolution
		Debug|Any CPU = Debug|Any CPU
		Release|Any CPU = Release|Any CPU
	EndGlobalSection
	GlobalSection(ProjectConfigurationPlatforms) = postSolution
		{DE1322B8-1891-D4FB-4964-E422C76A853F}.Debug|Any CPU.ActiveCfg = Debug|Any CPU
		{DE1322B8-1891-D4FB-4964-E422C76A853F}.Debug|Any CPU.Build.0 = Debug|Any CPU
		{DE1322B8-1891-D4FB-4964-E422C76A853F}.Release|Any CPU.ActiveCfg = Release|Any CPU
		{DE1322B8-1891-D4FB-4964-E422C76A853F}.Release|Any CPU.Build.0 = Release|Any CPU
		{B25C1BD6-948E-4E36-E54D-668B2CBF3582}.Debug|Any CPU.ActiveCfg = Debug|Any CPU
		{B25C1BD6-948E-4E36-E54D-668B2CBF3582}.Debug|Any CPU.Build.0 = Debug|Any CPU
		{B25C1BD6-948E-4E36-E54D-668B2CBF3582}.Release|Any CPU.ActiveCfg = Release|Any CPU
		{B25C1BD6-948E-4E36-E54D-668B2CBF3582}.Release|Any CPU.Build.0 = Release|Any CPU
	EndGlobalSection
	GlobalSection(SolutionProperties) = preSolution
		HideSolutionNode = FALSE
	EndGlobalSection
EndGlobal
